PODS:
  - flutter_cef_browser (0.1.0):
    - FlutterMacOS
  - FlutterMacOS (1.0.0)

DEPENDENCIES:
  - flutter_cef_browser (from `Flutter/ephemeral/.symlinks/plugins/flutter_cef_browser/macos`)
  - FlutterMacOS (from `Flutter/ephemeral`)

EXTERNAL SOURCES:
  flutter_cef_browser:
    :path: Flutter/ephemeral/.symlinks/plugins/flutter_cef_browser/macos
  FlutterMacOS:
    :path: Flutter/ephemeral

SPEC CHECKSUMS:
  flutter_cef_browser: 292927ba3b21f78a10052b5638b85cce20b3c44e
  FlutterMacOS: d0db08ddef1a9af05a5ec4b724367152bb0500b1

PODFILE CHECKSUM: b1fd80f1b6a86ea44aa79cc938d216afad3e24c8

COCOAPODS: 1.16.2
